// !$*UTF8*$!
{
	archiveVersion = 1;
	classes = {
	};
	objectVersion = 51;
	objects = {

/* Begin PBXBuildFile section */
		D36FD25A9A67CB94256E4DFC /* Pods_TrueLoveProject.framework in Frameworks */ = {isa = PBXBuildFile; fileRef = 1568CC1018E3F8E389C7126E /* Pods_TrueLoveProject.framework */; };
		F45E26C62462C01C00ED697A /* AppDelegate.swift in Sources */ = {isa = PBXBuildFile; fileRef = F45E26C52462C01C00ED697A /* AppDelegate.swift */; };
		F45E26C82462C01C00ED697A /* MaskViewController.swift in Sources */ = {isa = PBXBuildFile; fileRef = F45E26C72462C01C00ED697A /* MaskViewController.swift */; };
		F45E26CB2462C01C00ED697A /* Main.storyboard in Resources */ = {isa = PBXBuildFile; fileRef = F45E26C92462C01C00ED697A /* Main.storyboard */; };
		F45E26CD2462C01E00ED697A /* Assets.xcassets in Resources */ = {isa = PBXBuildFile; fileRef = F45E26CC2462C01E00ED697A /* Assets.xcassets */; };
		F45E26D02462C01E00ED697A /* LaunchScreen.storyboard in Resources */ = {isa = PBXBuildFile; fileRef = F45E26CE2462C01E00ED697A /* LaunchScreen.storyboard */; };
		F4BB818B247135B500EFB278 /* TestData.swift in Sources */ = {isa = PBXBuildFile; fileRef = F4BB818A247135B500EFB278 /* TestData.swift */; };
		F4BB818E24713D0A00EFB278 /* LoadingIndicator.swift in Sources */ = {isa = PBXBuildFile; fileRef = F4BB818D24713D0A00EFB278 /* LoadingIndicator.swift */; };
		F4BB819024713E9A00EFB278 /* Constant.swift in Sources */ = {isa = PBXBuildFile; fileRef = F4BB818F24713E9A00EFB278 /* Constant.swift */; };
		F4BB819424713FB400EFB278 /* MaskTableViewCell.swift in Sources */ = {isa = PBXBuildFile; fileRef = F4BB819224713FB400EFB278 /* MaskTableViewCell.swift */; };
		F4BB819524713FB400EFB278 /* MaskTableViewCell.xib in Resources */ = {isa = PBXBuildFile; fileRef = F4BB819324713FB400EFB278 /* MaskTableViewCell.xib */; };
		F4BB81982471416A00EFB278 /* Mask.swift in Sources */ = {isa = PBXBuildFile; fileRef = F4BB81972471416A00EFB278 /* Mask.swift */; };
		F4BB819A2471460400EFB278 /* Geometry.swift in Sources */ = {isa = PBXBuildFile; fileRef = F4BB81992471460400EFB278 /* Geometry.swift */; };
		F4BB81A224714BA000EFB278 /* TrueLoveModelTests.swift in Sources */ = {isa = PBXBuildFile; fileRef = F4BB81A124714BA000EFB278 /* TrueLoveModelTests.swift */; };
		F4BB81A924714BF700EFB278 /* Mask.swift in Sources */ = {isa = PBXBuildFile; fileRef = F4BB81972471416A00EFB278 /* Mask.swift */; };
		F4BB81AA24714BFA00EFB278 /* Geometry.swift in Sources */ = {isa = PBXBuildFile; fileRef = F4BB81992471460400EFB278 /* Geometry.swift */; };
		F4BB81AD2471509100EFB278 /* MaskPatch.swift in Sources */ = {isa = PBXBuildFile; fileRef = F4BB81AC2471509100EFB278 /* MaskPatch.swift */; };
		F4BB81AF247151B900EFB278 /* MaskInfos.swift in Sources */ = {isa = PBXBuildFile; fileRef = F4BB81AE247151B900EFB278 /* MaskInfos.swift */; };
		F4BB81B024715D5800EFB278 /* MaskInfos.swift in Sources */ = {isa = PBXBuildFile; fileRef = F4BB81AE247151B900EFB278 /* MaskInfos.swift */; };
/* End PBXBuildFile section */

/* Begin PBXContainerItemProxy section */
		F4BB81A424714BA000EFB278 /* PBXContainerItemProxy */ = {
			isa = PBXContainerItemProxy;
			containerPortal = F45E26BA2462C01C00ED697A /* Project object */;
			proxyType = 1;
			remoteGlobalIDString = F45E26C12462C01C00ED697A;
			remoteInfo = TrueLoveProject;
		};
/* End PBXContainerItemProxy section */

/* Begin PBXFileReference section */
		1568CC1018E3F8E389C7126E /* Pods_TrueLoveProject.framework */ = {isa = PBXFileReference; explicitFileType = wrapper.framework; includeInIndex = 0; path = Pods_TrueLoveProject.framework; sourceTree = BUILT_PRODUCTS_DIR; };
		9BB76800D2AF6E256CB63109 /* Pods-TrueLoveProject.release.xcconfig */ = {isa = PBXFileReference; includeInIndex = 1; lastKnownFileType = text.xcconfig; name = "Pods-TrueLoveProject.release.xcconfig"; path = "Target Support Files/Pods-TrueLoveProject/Pods-TrueLoveProject.release.xcconfig"; sourceTree = "<group>"; };
		B17736FC89553218697B8F2C /* Pods-TrueLoveProject.debug.xcconfig */ = {isa = PBXFileReference; includeInIndex = 1; lastKnownFileType = text.xcconfig; name = "Pods-TrueLoveProject.debug.xcconfig"; path = "Target Support Files/Pods-TrueLoveProject/Pods-TrueLoveProject.debug.xcconfig"; sourceTree = "<group>"; };
		F45E26C22462C01C00ED697A /* TrueLoveProject.app */ = {isa = PBXFileReference; explicitFileType = wrapper.application; includeInIndex = 0; path = TrueLoveProject.app; sourceTree = BUILT_PRODUCTS_DIR; };
		F45E26C52462C01C00ED697A /* AppDelegate.swift */ = {isa = PBXFileReference; lastKnownFileType = sourcecode.swift; path = AppDelegate.swift; sourceTree = "<group>"; };
		F45E26C72462C01C00ED697A /* MaskViewController.swift */ = {isa = PBXFileReference; lastKnownFileType = sourcecode.swift; path = MaskViewController.swift; sourceTree = "<group>"; };
		F45E26CA2462C01C00ED697A /* Base */ = {isa = PBXFileReference; lastKnownFileType = file.storyboard; name = Base; path = Base.lproj/Main.storyboard; sourceTree = "<group>"; };
		F45E26CC2462C01E00ED697A /* Assets.xcassets */ = {isa = PBXFileReference; lastKnownFileType = folder.assetcatalog; path = Assets.xcassets; sourceTree = "<group>"; };
		F45E26CF2462C01E00ED697A /* Base */ = {isa = PBXFileReference; lastKnownFileType = file.storyboard; name = Base; path = Base.lproj/LaunchScreen.storyboard; sourceTree = "<group>"; };
		F45E26D12462C01E00ED697A /* Info.plist */ = {isa = PBXFileReference; lastKnownFileType = text.plist.xml; path = Info.plist; sourceTree = "<group>"; };
		F4BB818A247135B500EFB278 /* TestData.swift */ = {isa = PBXFileReference; lastKnownFileType = sourcecode.swift; path = TestData.swift; sourceTree = "<group>"; };
		F4BB818D24713D0A00EFB278 /* LoadingIndicator.swift */ = {isa = PBXFileReference; lastKnownFileType = sourcecode.swift; path = LoadingIndicator.swift; sourceTree = "<group>"; };
		F4BB818F24713E9A00EFB278 /* Constant.swift */ = {isa = PBXFileReference; lastKnownFileType = sourcecode.swift; path = Constant.swift; sourceTree = "<group>"; };
		F4BB819224713FB400EFB278 /* MaskTableViewCell.swift */ = {isa = PBXFileReference; lastKnownFileType = sourcecode.swift; path = MaskTableViewCell.swift; sourceTree = "<group>"; };
		F4BB819324713FB400EFB278 /* MaskTableViewCell.xib */ = {isa = PBXFileReference; lastKnownFileType = file.xib; path = MaskTableViewCell.xib; sourceTree = "<group>"; };
		F4BB81972471416A00EFB278 /* Mask.swift */ = {isa = PBXFileReference; lastKnownFileType = sourcecode.swift; path = Mask.swift; sourceTree = "<group>"; };
		F4BB81992471460400EFB278 /* Geometry.swift */ = {isa = PBXFileReference; lastKnownFileType = sourcecode.swift; path = Geometry.swift; sourceTree = "<group>"; };
		F4BB819F24714B9F00EFB278 /* TrueLoveProjectTests.xctest */ = {isa = PBXFileReference; explicitFileType = wrapper.cfbundle; includeInIndex = 0; path = TrueLoveProjectTests.xctest; sourceTree = BUILT_PRODUCTS_DIR; };
		F4BB81A124714BA000EFB278 /* TrueLoveModelTests.swift */ = {isa = PBXFileReference; lastKnownFileType = sourcecode.swift; path = TrueLoveModelTests.swift; sourceTree = "<group>"; };
		F4BB81A324714BA000EFB278 /* Info.plist */ = {isa = PBXFileReference; lastKnownFileType = text.plist.xml; path = Info.plist; sourceTree = "<group>"; };
		F4BB81AC2471509100EFB278 /* MaskPatch.swift */ = {isa = PBXFileReference; lastKnownFileType = sourcecode.swift; path = MaskPatch.swift; sourceTree = "<group>"; };
		F4BB81AE247151B900EFB278 /* MaskInfos.swift */ = {isa = PBXFileReference; lastKnownFileType = sourcecode.swift; path = MaskInfos.swift; sourceTree = "<group>"; };
/* End PBXFileReference section */

/* Begin PBXFrameworksBuildPhase section */
		F45E26BF2462C01C00ED697A /* Frameworks */ = {
			isa = PBXFrameworksBuildPhase;
			buildActionMask = 2147483647;
			files = (
				D36FD25A9A67CB94256E4DFC /* Pods_TrueLoveProject.framework in Frameworks */,
			);
			runOnlyForDeploymentPostprocessing = 0;
		};
		F4BB819C24714B9F00EFB278 /* Frameworks */ = {
			isa = PBXFrameworksBuildPhase;
			buildActionMask = 2147483647;
			files = (
			);
			runOnlyForDeploymentPostprocessing = 0;
		};
/* End PBXFrameworksBuildPhase section */

/* Begin PBXGroup section */
		19651446E5FEC8631C3A6166 /* Pods */ = {
			isa = PBXGroup;
			children = (
				B17736FC89553218697B8F2C /* Pods-TrueLoveProject.debug.xcconfig */,
				9BB76800D2AF6E256CB63109 /* Pods-TrueLoveProject.release.xcconfig */,
			);
			path = Pods;
			sourceTree = "<group>";
		};
		5D2434DECD9BD607DF9EB9A7 /* Frameworks */ = {
			isa = PBXGroup;
			children = (
				1568CC1018E3F8E389C7126E /* Pods_TrueLoveProject.framework */,
			);
			name = Frameworks;
			sourceTree = "<group>";
		};
		F45E26B92462C01C00ED697A = {
			isa = PBXGroup;
			children = (
				F45E26C42462C01C00ED697A /* TrueLoveProject */,
				F4BB81A024714BA000EFB278 /* TrueLoveProjectTests */,
				F45E26C32462C01C00ED697A /* Products */,
				19651446E5FEC8631C3A6166 /* Pods */,
				5D2434DECD9BD607DF9EB9A7 /* Frameworks */,
			);
			sourceTree = "<group>";
		};
		F45E26C32462C01C00ED697A /* Products */ = {
			isa = PBXGroup;
			children = (
				F45E26C22462C01C00ED697A /* TrueLoveProject.app */,
				F4BB819F24714B9F00EFB278 /* TrueLoveProjectTests.xctest */,
			);
			name = Products;
			sourceTree = "<group>";
		};
		F45E26C42462C01C00ED697A /* TrueLoveProject */ = {
			isa = PBXGroup;
			children = (
				F4BB81AB2471507D00EFB278 /* Networking */,
				F4BB81962471415900EFB278 /* Model */,
				F4BB818C24713CFB00EFB278 /* Common */,
				F4BB819124713F8D00EFB278 /* View */,
				F45E26C52462C01C00ED697A /* AppDelegate.swift */,
				F45E26C72462C01C00ED697A /* MaskViewController.swift */,
				F45E26C92462C01C00ED697A /* Main.storyboard */,
				F45E26CC2462C01E00ED697A /* Assets.xcassets */,
				F45E26CE2462C01E00ED697A /* LaunchScreen.storyboard */,
				F45E26D12462C01E00ED697A /* Info.plist */,
			);
			path = TrueLoveProject;
			sourceTree = "<group>";
		};
		F4BB818C24713CFB00EFB278 /* Common */ = {
			isa = PBXGroup;
			children = (
				F4BB818A247135B500EFB278 /* TestData.swift */,
				F4BB818D24713D0A00EFB278 /* LoadingIndicator.swift */,
				F4BB818F24713E9A00EFB278 /* Constant.swift */,
			);
			path = Common;
			sourceTree = "<group>";
		};
		F4BB819124713F8D00EFB278 /* View */ = {
			isa = PBXGroup;
			children = (
				F4BB819224713FB400EFB278 /* MaskTableViewCell.swift */,
				F4BB819324713FB400EFB278 /* MaskTableViewCell.xib */,
			);
			path = View;
			sourceTree = "<group>";
		};
		F4BB81962471415900EFB278 /* Model */ = {
			isa = PBXGroup;
			children = (
				F4BB81972471416A00EFB278 /* Mask.swift */,
				F4BB81992471460400EFB278 /* Geometry.swift */,
				F4BB81AE247151B900EFB278 /* MaskInfos.swift */,
			);
			path = Model;
			sourceTree = "<group>";
		};
		F4BB81A024714BA000EFB278 /* TrueLoveProjectTests */ = {
			isa = PBXGroup;
			children = (
				F4BB81A124714BA000EFB278 /* TrueLoveModelTests.swift */,
				F4BB81A324714BA000EFB278 /* Info.plist */,
			);
			path = TrueLoveProjectTests;
			sourceTree = "<group>";
		};
		F4BB81AB2471507D00EFB278 /* Networking */ = {
			isa = PBXGroup;
			children = (
				F4BB81AC2471509100EFB278 /* MaskPatch.swift */,
			);
			path = Networking;
			sourceTree = "<group>";
		};
/* End PBXGroup section */

/* Begin PBXNativeTarget section */
		F45E26C12462C01C00ED697A /* TrueLoveProject */ = {
			isa = PBXNativeTarget;
			buildConfigurationList = F45E26D42462C01E00ED697A /* Build configuration list for PBXNativeTarget "TrueLoveProject" */;
			buildPhases = (
				0C728DCF4DB121974A5AFE2A /* [CP] Check Pods Manifest.lock */,
				F45E26BE2462C01C00ED697A /* Sources */,
				F45E26BF2462C01C00ED697A /* Frameworks */,
				F45E26C02462C01C00ED697A /* Resources */,
				897B570366ADEBCB2654E28F /* [CP] Embed Pods Frameworks */,
			);
			buildRules = (
			);
			dependencies = (
			);
			name = TrueLoveProject;
			productName = TrueLoveProject;
			productReference = F45E26C22462C01C00ED697A /* TrueLoveProject.app */;
			productType = "com.apple.product-type.application";
		};
		F4BB819E24714B9F00EFB278 /* TrueLoveProjectTests */ = {
			isa = PBXNativeTarget;
			buildConfigurationList = F4BB81A624714BA000EFB278 /* Build configuration list for PBXNativeTarget "TrueLoveProjectTests" */;
			buildPhases = (
				F4BB819B24714B9F00EFB278 /* Sources */,
				F4BB819C24714B9F00EFB278 /* Frameworks */,
				F4BB819D24714B9F00EFB278 /* Resources */,
			);
			buildRules = (
			);
			dependencies = (
				F4BB81A524714BA000EFB278 /* PBXTargetDependency */,
			);
			name = TrueLoveProjectTests;
			productName = TrueLoveProjectTests;
			productReference = F4BB819F24714B9F00EFB278 /* TrueLoveProjectTests.xctest */;
			productType = "com.apple.product-type.bundle.unit-test";
		};
/* End PBXNativeTarget section */

/* Begin PBXProject section */
		F45E26BA2462C01C00ED697A /* Project object */ = {
			isa = PBXProject;
			attributes = {
				LastSwiftUpdateCheck = 1020;
				LastUpgradeCheck = 1020;
				ORGANIZATIONNAME = PrototypeC;
				TargetAttributes = {
					F45E26C12462C01C00ED697A = {
						CreatedOnToolsVersion = 10.2.1;
					};
					F4BB819E24714B9F00EFB278 = {
						CreatedOnToolsVersion = 10.2.1;
						TestTargetID = F45E26C12462C01C00ED697A;
					};
				};
			};
			buildConfigurationList = F45E26BD2462C01C00ED697A /* Build configuration list for PBXProject "TrueLoveProject" */;
			compatibilityVersion = "Xcode 9.3";
			developmentRegion = en;
			hasScannedForEncodings = 0;
			knownRegions = (
				en,
				Base,
			);
			mainGroup = F45E26B92462C01C00ED697A;
			productRefGroup = F45E26C32462C01C00ED697A /* Products */;
			projectDirPath = "";
			projectRoot = "";
			targets = (
				F45E26C12462C01C00ED697A /* TrueLoveProject */,
				F4BB819E24714B9F00EFB278 /* TrueLoveProjectTests */,
			);
		};
/* End PBXProject section */

/* Begin PBXResourcesBuildPhase section */
		F45E26C02462C01C00ED697A /* Resources */ = {
			isa = PBXResourcesBuildPhase;
			buildActionMask = 2147483647;
			files = (
				F45E26D02462C01E00ED697A /* LaunchScreen.storyboard in Resources */,
				F4BB819524713FB400EFB278 /* MaskTableViewCell.xib in Resources */,
				F45E26CD2462C01E00ED697A /* Assets.xcassets in Resources */,
				F45E26CB2462C01C00ED697A /* Main.storyboard in Resources */,
			);
			runOnlyForDeploymentPostprocessing = 0;
		};
		F4BB819D24714B9F00EFB278 /* Resources */ = {
			isa = PBXResourcesBuildPhase;
			buildActionMask = 2147483647;
			files = (
			);
			runOnlyForDeploymentPostprocessing = 0;
		};
/* End PBXResourcesBuildPhase section */

/* Begin PBXShellScriptBuildPhase section */
		0C728DCF4DB121974A5AFE2A /* [CP] Check Pods Manifest.lock */ = {
			isa = PBXShellScriptBuildPhase;
			buildActionMask = 2147483647;
			files = (
			);
			inputFileListPaths = (
			);
			inputPaths = (
				"${PODS_PODFILE_DIR_PATH}/Podfile.lock",
				"${PODS_ROOT}/Manifest.lock",
			);
			name = "[CP] Check Pods Manifest.lock";
			outputFileListPaths = (
			);
			outputPaths = (
				"$(DERIVED_FILE_DIR)/Pods-TrueLoveProject-checkManifestLockResult.txt",
			);
			runOnlyForDeploymentPostprocessing = 0;
			shellPath = /bin/sh;
			shellScript = "diff \"${PODS_PODFILE_DIR_PATH}/Podfile.lock\" \"${PODS_ROOT}/Manifest.lock\" > /dev/null\nif [ $? != 0 ] ; then\n    # print error to STDERR\n    echo \"error: The sandbox is not in sync with the Podfile.lock. Run 'pod install' or update your CocoaPods installation.\" >&2\n    exit 1\nfi\n# This output is used by Xcode 'outputs' to avoid re-running this script phase.\necho \"SUCCESS\" > \"${SCRIPT_OUTPUT_FILE_0}\"\n";
			showEnvVarsInLog = 0;
		};
		897B570366ADEBCB2654E28F /* [CP] Embed Pods Frameworks */ = {
			isa = PBXShellScriptBuildPhase;
			buildActionMask = 2147483647;
			files = (
			);
			inputFileListPaths = (
				"${PODS_ROOT}/Target Support Files/Pods-TrueLoveProject/Pods-TrueLoveProject-frameworks-${CONFIGURATION}-input-files.xcfilelist",
			);
			name = "[CP] Embed Pods Frameworks";
			outputFileListPaths = (
				"${PODS_ROOT}/Target Support Files/Pods-TrueLoveProject/Pods-TrueLoveProject-frameworks-${CONFIGURATION}-output-files.xcfilelist",
			);
			runOnlyForDeploymentPostprocessing = 0;
			shellPath = /bin/sh;
			shellScript = "\"${PODS_ROOT}/Target Support Files/Pods-TrueLoveProject/Pods-TrueLoveProject-frameworks.sh\"\n";
			showEnvVarsInLog = 0;
		};
/* End PBXShellScriptBuildPhase section */

/* Begin PBXSourcesBuildPhase section */
		F45E26BE2462C01C00ED697A /* Sources */ = {
			isa = PBXSourcesBuildPhase;
			buildActionMask = 2147483647;
			files = (
				F4BB818E24713D0A00EFB278 /* LoadingIndicator.swift in Sources */,
				F4BB81AD2471509100EFB278 /* MaskPatch.swift in Sources */,
				F4BB819424713FB400EFB278 /* MaskTableViewCell.swift in Sources */,
				F4BB81982471416A00EFB278 /* Mask.swift in Sources */,
				F4BB818B247135B500EFB278 /* TestData.swift in Sources */,
				F4BB819024713E9A00EFB278 /* Constant.swift in Sources */,
				F4BB819A2471460400EFB278 /* Geometry.swift in Sources */,
				F4BB81AF247151B900EFB278 /* MaskInfos.swift in Sources */,
				F45E26C82462C01C00ED697A /* MaskViewController.swift in Sources */,
				F45E26C62462C01C00ED697A /* AppDelegate.swift in Sources */,
			);
			runOnlyForDeploymentPostprocessing = 0;
		};
		F4BB819B24714B9F00EFB278 /* Sources */ = {
			isa = PBXSourcesBuildPhase;
			buildActionMask = 2147483647;
			files = (
				F4BB81A224714BA000EFB278 /* TrueLoveModelTests.swift in Sources */,
				F4BB81B024715D5800EFB278 /* MaskInfos.swift in Sources */,
				F4BB81AA24714BFA00EFB278 /* Geometry.swift in Sources */,
				F4BB81A924714BF700EFB278 /* Mask.swift in Sources */,
			);
			runOnlyForDeploymentPostprocessing = 0;
		};
/* End PBXSourcesBuildPhase section */

/* Begin PBXTargetDependency section */
		F4BB81A524714BA000EFB278 /* PBXTargetDependency */ = {
			isa = PBXTargetDependency;
			target = F45E26C12462C01C00ED697A /* TrueLoveProject */;
			targetProxy = F4BB81A424714BA000EFB278 /* PBXContainerItemProxy */;
		};
/* End PBXTargetDependency section */

/* Begin PBXVariantGroup section */
		F45E26C92462C01C00ED697A /* Main.storyboard */ = {
			isa = PBXVariantGroup;
			children = (
				F45E26CA2462C01C00ED697A /* Base */,
			);
			name = Main.storyboard;
			sourceTree = "<group>";
		};
		F45E26CE2462C01E00ED697A /* LaunchScreen.storyboard */ = {
			isa = PBXVariantGroup;
			children = (
				F45E26CF2462C01E00ED697A /* Base */,
			);
			name = LaunchScreen.storyboard;
			sourceTree = "<group>";
		};
/* End PBXVariantGroup section */

/* Begin XCBuildConfiguration section */
		F45E26D22462C01E00ED697A /* Debug */ = {
			isa = XCBuildConfiguration;
			buildSettings = {
				ALWAYS_SEARCH_USER_PATHS = NO;
				CLANG_ANALYZER_NONNULL = YES;
				CLANG_ANALYZER_NUMBER_OBJECT_CONVERSION = YES_AGGRESSIVE;
				CLANG_CXX_LANGUAGE_STANDARD = "gnu++14";
				CLANG_CXX_LIBRARY = "libc++";
				CLANG_ENABLE_MODULES = YES;
				CLANG_ENABLE_OBJC_ARC = YES;
				CLANG_ENABLE_OBJC_WEAK = YES;
				CLANG_WARN_BLOCK_CAPTURE_AUTORELEASING = YES;
				CLANG_WARN_BOOL_CONVERSION = YES;
				CLANG_WARN_COMMA = YES;
				CLANG_WARN_CONSTANT_CONVERSION = YES;
				CLANG_WARN_DEPRECATED_OBJC_IMPLEMENTATIONS = YES;
				CLANG_WARN_DIRECT_OBJC_ISA_USAGE = YES_ERROR;
				CLANG_WARN_DOCUMENTATION_COMMENTS = YES;
				CLANG_WARN_EMPTY_BODY = YES;
				CLANG_WARN_ENUM_CONVERSION = YES;
				CLANG_WARN_INFINITE_RECURSION = YES;
				CLANG_WARN_INT_CONVERSION = YES;
				CLANG_WARN_NON_LITERAL_NULL_CONVERSION = YES;
				CLANG_WARN_OBJC_IMPLICIT_RETAIN_SELF = YES;
				CLANG_WARN_OBJC_LITERAL_CONVERSION = YES;
				CLANG_WARN_OBJC_ROOT_CLASS = YES_ERROR;
				CLANG_WARN_RANGE_LOOP_ANALYSIS = YES;
				CLANG_WARN_STRICT_PROTOTYPES = YES;
				CLANG_WARN_SUSPICIOUS_MOVE = YES;
				CLANG_WARN_UNGUARDED_AVAILABILITY = YES_AGGRESSIVE;
				CLANG_WARN_UNREACHABLE_CODE = YES;
				CLANG_WARN__DUPLICATE_METHOD_MATCH = YES;
				CODE_SIGN_IDENTITY = "iPhone Developer";
				COPY_PHASE_STRIP = NO;
				DEBUG_INFORMATION_FORMAT = dwarf;
				ENABLE_STRICT_OBJC_MSGSEND = YES;
				ENABLE_TESTABILITY = YES;
				GCC_C_LANGUAGE_STANDARD = gnu11;
				GCC_DYNAMIC_NO_PIC = NO;
				GCC_NO_COMMON_BLOCKS = YES;
				GCC_OPTIMIZATION_LEVEL = 0;
				GCC_PREPROCESSOR_DEFINITIONS = (
					"DEBUG=1",
					"$(inherited)",
				);
				GCC_WARN_64_TO_32_BIT_CONVERSION = YES;
				GCC_WARN_ABOUT_RETURN_TYPE = YES_ERROR;
				GCC_WARN_UNDECLARED_SELECTOR = YES;
				GCC_WARN_UNINITIALIZED_AUTOS = YES_AGGRESSIVE;
				GCC_WARN_UNUSED_FUNCTION = YES;
				GCC_WARN_UNUSED_VARIABLE = YES;
				IPHONEOS_DEPLOYMENT_TARGET = 12.2;
				MTL_ENABLE_DEBUG_INFO = INCLUDE_SOURCE;
				MTL_FAST_MATH = YES;
				ONLY_ACTIVE_ARCH = YES;
				SDKROOT = iphoneos;
				SWIFT_ACTIVE_COMPILATION_CONDITIONS = DEBUG;
				SWIFT_OPTIMIZATION_LEVEL = "-Onone";
			};
			name = Debug;
		};
		F45E26D32462C01E00ED697A /* Release */ = {
			isa = XCBuildConfiguration;
			buildSettings = {
				ALWAYS_SEARCH_USER_PATHS = NO;
				CLANG_ANALYZER_NONNULL = YES;
				CLANG_ANALYZER_NUMBER_OBJECT_CONVERSION = YES_AGGRESSIVE;
				CLANG_CXX_LANGUAGE_STANDARD = "gnu++14";
				CLANG_CXX_LIBRARY = "libc++";
				CLANG_ENABLE_MODULES = YES;
				CLANG_ENABLE_OBJC_ARC = YES;
				CLANG_ENABLE_OBJC_WEAK = YES;
				CLANG_WARN_BLOCK_CAPTURE_AUTORELEASING = YES;
				CLANG_WARN_BOOL_CONVERSION = YES;
				CLANG_WARN_COMMA = YES;
				CLANG_WARN_CONSTANT_CONVERSION = YES;
				CLANG_WARN_DEPRECATED_OBJC_IMPLEMENTATIONS = YES;
				CLANG_WARN_DIRECT_OBJC_ISA_USAGE = YES_ERROR;
				CLANG_WARN_DOCUMENTATION_COMMENTS = YES;
				CLANG_WARN_EMPTY_BODY = YES;
				CLANG_WARN_ENUM_CONVERSION = YES;
				CLANG_WARN_INFINITE_RECURSION = YES;
				CLANG_WARN_INT_CONVERSION = YES;
				CLANG_WARN_NON_LITERAL_NULL_CONVERSION = YES;
				CLANG_WARN_OBJC_IMPLICIT_RETAIN_SELF = YES;
				CLANG_WARN_OBJC_LITERAL_CONVERSION = YES;
				CLANG_WARN_OBJC_ROOT_CLASS = YES_ERROR;
				CLANG_WARN_RANGE_LOOP_ANALYSIS = YES;
				CLANG_WARN_STRICT_PROTOTYPES = YES;
				CLANG_WARN_SUSPICIOUS_MOVE = YES;
				CLANG_WARN_UNGUARDED_AVAILABILITY = YES_AGGRESSIVE;
				CLANG_WARN_UNREACHABLE_CODE = YES;
				CLANG_WARN__DUPLICATE_METHOD_MATCH = YES;
				CODE_SIGN_IDENTITY = "iPhone Developer";
				COPY_PHASE_STRIP = NO;
				DEBUG_INFORMATION_FORMAT = "dwarf-with-dsym";
				ENABLE_NS_ASSERTIONS = NO;
				ENABLE_STRICT_OBJC_MSGSEND = YES;
				GCC_C_LANGUAGE_STANDARD = gnu11;
				GCC_NO_COMMON_BLOCKS = YES;
				GCC_WARN_64_TO_32_BIT_CONVERSION = YES;
				GCC_WARN_ABOUT_RETURN_TYPE = YES_ERROR;
				GCC_WARN_UNDECLARED_SELECTOR = YES;
				GCC_WARN_UNINITIALIZED_AUTOS = YES_AGGRESSIVE;
				GCC_WARN_UNUSED_FUNCTION = YES;
				GCC_WARN_UNUSED_VARIABLE = YES;
				IPHONEOS_DEPLOYMENT_TARGET = 12.2;
				MTL_ENABLE_DEBUG_INFO = NO;
				MTL_FAST_MATH = YES;
				SDKROOT = iphoneos;
				SWIFT_COMPILATION_MODE = wholemodule;
				SWIFT_OPTIMIZATION_LEVEL = "-O";
				VALIDATE_PRODUCT = YES;
			};
			name = Release;
		};
		F45E26D52462C01E00ED697A /* Debug */ = {
			isa = XCBuildConfiguration;
			baseConfigurationReference = B17736FC89553218697B8F2C /* Pods-TrueLoveProject.debug.xcconfig */;
			buildSettings = {
				ASSETCATALOG_COMPILER_APPICON_NAME = AppIcon;
				CODE_SIGN_STYLE = Automatic;
				DEVELOPMENT_TEAM = 5VBM73Y9G2;
				INFOPLIST_FILE = TrueLoveProject/Info.plist;
				LD_RUNPATH_SEARCH_PATHS = (
					"$(inherited)",
					"@executable_path/Frameworks",
				);
				PRODUCT_BUNDLE_IDENTIFIER = amG.TrueLoveProject;
				PRODUCT_NAME = "$(TARGET_NAME)";
				SWIFT_VERSION = 5.0;
				TARGETED_DEVICE_FAMILY = "1,2";
			};
			name = Debug;
		};
		F45E26D62462C01E00ED697A /* Release */ = {
			isa = XCBuildConfiguration;
			baseConfigurationReference = 9BB76800D2AF6E256CB63109 /* Pods-TrueLoveProject.release.xcconfig */;
			buildSettings = {
				ASSETCATALOG_COMPILER_APPICON_NAME = AppIcon;
				CODE_SIGN_STYLE = Automatic;
				DEVELOPMENT_TEAM = 5VBM73Y9G2;
				INFOPLIST_FILE = TrueLoveProject/Info.plist;
				LD_RUNPATH_SEARCH_PATHS = (
					"$(inherited)",
					"@executable_path/Frameworks",
				);
				PRODUCT_BUNDLE_IDENTIFIER = amG.TrueLoveProject;
				PRODUCT_NAME = "$(TARGET_NAME)";
				SWIFT_VERSION = 5.0;
				TARGETED_DEVICE_FAMILY = "1,2";
			};
			name = Release;
		};
		F4BB81A724714BA000EFB278 /* Debug */ = {
			isa = XCBuildConfiguration;
			buildSettings = {
				BUNDLE_LOADER = "$(TEST_HOST)";
				CODE_SIGN_STYLE = Automatic;
				DEVELOPMENT_TEAM = 5VBM73Y9G2;
				INFOPLIST_FILE = TrueLoveProjectTests/Info.plist;
				LD_RUNPATH_SEARCH_PATHS = (
					"$(inherited)",
					"@executable_path/Frameworks",
					"@loader_path/Frameworks",
				);
				PRODUCT_BUNDLE_IDENTIFIER = amG.TrueLoveProjectTests;
				PRODUCT_NAME = "$(TARGET_NAME)";
				SWIFT_VERSION = 5.0;
				TARGETED_DEVICE_FAMILY = "1,2";
				TEST_HOST = "$(BUILT_PRODUCTS_DIR)/TrueLoveProject.app/TrueLoveProject";
			};
			name = Debug;
		};
		F4BB81A824714BA000EFB278 /* Release */ = {
			isa = XCBuildConfiguration;
			buildSettings = {
				BUNDLE_LOADER = "$(TEST_HOST)";
				CODE_SIGN_STYLE = Automatic;
				DEVELOPMENT_TEAM = 5VBM73Y9G2;
				INFOPLIST_FILE = TrueLoveProjectTests/Info.plist;
				LD_RUNPATH_SEARCH_PATHS = (
					"$(inherited)",
					"@executable_path/Frameworks",
					"@loader_path/Frameworks",
				);
				PRODUCT_BUNDLE_IDENTIFIER = amG.TrueLoveProjectTests;
				PRODUCT_NAME = "$(TARGET_NAME)";
				SWIFT_VERSION = 5.0;
				TARGETED_DEVICE_FAMILY = "1,2";
				TEST_HOST = "$(BUILT_PRODUCTS_DIR)/TrueLoveProject.app/TrueLoveProject";
			};
			name = Release;
		};
/* End XCBuildConfiguration section */

/* Begin XCConfigurationList section */
		F45E26BD2462C01C00ED697A /* Build configuration list for PBXProject "TrueLoveProject" */ = {
			isa = XCConfigurationList;
			buildConfigurations = (
				F45E26D22462C01E00ED697A /* Debug */,
				F45E26D32462C01E00ED697A /* Release */,
			);
			defaultConfigurationIsVisible = 0;
			defaultConfigurationName = Release;
		};
		F45E26D42462C01E00ED697A /* Build configuration list for PBXNativeTarget "TrueLoveProject" */ = {
			isa = XCConfigurationList;
			buildConfigurations = (
				F45E26D52462C01E00ED697A /* Debug */,
				F45E26D62462C01E00ED697A /* Release */,
			);
			defaultConfigurationIsVisible = 0;
			defaultConfigurationName = Release;
		};
		F4BB81A624714BA000EFB278 /* Build configuration list for PBXNativeTarget "TrueLoveProjectTests" */ = {
			isa = XCConfigurationList;
			buildConfigurations = (
				F4BB81A724714BA000EFB278 /* Debug */,
				F4BB81A824714BA000EFB278 /* Release */,
			);
			defaultConfigurationIsVisible = 0;
			defaultConfigurationName = Release;
		};
/* End XCConfigurationList section */
	};
	rootObject = F45E26BA2462C01C00ED697A /* Project object */;
}
